<?xml version="1.0" encoding="utf-8"?>
<Project ToolsVersion="4.0" xmlns="http://schemas.microsoft.com/developer/msbuild/2003">
  <ItemGroup>
    <Filter Include="Source Files">
      <UniqueIdentifier>{4FC737F1-C7A5-4376-A066-2A32D752A2FF}</UniqueIdentifier>
      <Extensions>cpp;c;cc;cxx;def;odl;idl;hpj;bat;asm;asmx</Extensions>
    </Filter>
    <Filter Include="Header Files">
      <UniqueIdentifier>{93995380-89BD-4b04-88EB-625FBE52EBFB}</UniqueIdentifier>
      <Extensions>h;hh;hpp;hxx;hm;inl;inc;xsd</Extensions>
    </Filter>
    <Filter Include="Resource Files">
      <UniqueIdentifier>{67DA6AB6-F800-4c08-8B7A-83BB121AAD01}</UniqueIdentifier>
      <Extensions>rc;ico;cur;bmp;dlg;rc2;rct;bin;rgs;gif;jpg;jpeg;jpe;resx;tiff;tif;png;wav;mfcribbon-ms</Extensions>
    </Filter>
    <Filter Include="Dependencies">
      <UniqueIdentifier>{affd767d-65eb-4802-a44f-590334e8e52a}</UniqueIdentifier>
    </Filter>
    <Filter Include="Dependencies\SDK">
      <UniqueIdentifier>{3c08d463-bec3-45c8-a522-18c17bb1cad1}</UniqueIdentifier>
    </Filter>
    <Filter Include="Dependencies\subhook">
      <UniqueIdentifier>{fd7bb5a2-eebf-4a1e-9b8a-820def71335e}</UniqueIdentifier>
    </Filter>
    <Filter Include="Dependencies\raknet">
      <UniqueIdentifier>{7a1c455f-30e3-47ee-9d1a-587b15250ea6}</UniqueIdentifier>
    </Filter>
  </ItemGroup>
  <ItemGroup>
    <ClInclude Include="main.h">
      <Filter>Header Files</Filter>
    </ClInclude>
    <ClInclude Include="natives.h">
      <Filter>Header Files</Filter>
    </ClInclude>
    <ClInclude Include="utils.h">
      <Filter>Header Files</Filter>
    </ClInclude>
    <ClInclude Include="..\dependencies\include\SDK\plugincommon.h">
      <Filter>Dependencies\SDK</Filter>
    </ClInclude>
    <ClInclude Include="hooks.h">
      <Filter>Header Files</Filter>
    </ClInclude>
    <ClInclude Include="..\dependencies\include\raknet\BitStream.h">
      <Filter>Dependencies\raknet</Filter>
    </ClInclude>
    <ClInclude Include="..\dependencies\include\subhook\subhook.h">
      <Filter>Dependencies\subhook</Filter>
    </ClInclude>
    <ClInclude Include="player.h">
      <Filter>Header Files</Filter>
    </ClInclude>
    <ClInclude Include="CVector.h">
      <Filter>Header Files</Filter>
    </ClInclude>
    <ClInclude Include="Structs.h">
      <Filter>Header Files</Filter>
    </ClInclude>
  </ItemGroup>
  <ItemGroup>
    <ClCompile Include="main.cpp">
      <Filter>Source Files</Filter>
    </ClCompile>
    <ClCompile Include="natives.cpp">
      <Filter>Source Files</Filter>
    </ClCompile>
    <ClCompile Include="utils.cpp">
      <Filter>Source Files</Filter>
    </ClCompile>
    <ClCompile Include="..\dependencies\include\SDK\amxplugin.cpp">
      <Filter>Dependencies\SDK</Filter>
    </ClCompile>
    <ClCompile Include="..\dependencies\include\SDK\amxplugin2.cpp">
      <Filter>Dependencies\SDK</Filter>
    </ClCompile>
    <ClCompile Include="hooks.cpp">
      <Filter>Source Files</Filter>
    </ClCompile>
    <ClCompile Include="..\dependencies\include\raknet\BitStream.cpp">
      <Filter>Dependencies\raknet</Filter>
    </ClCompile>
    <ClCompile Include="..\dependencies\include\subhook\subhook.c">
      <Filter>Dependencies\subhook</Filter>
    </ClCompile>
    <ClCompile Include="player.cpp">
      <Filter>Source Files</Filter>
    </ClCompile>
  </ItemGroup>
</Project>